
Microsoft Visual Studio Solution File, Format Version 12.00
# Visual Studio Version 16
VisualStudioVersion = 16.0.29920.165
MinimumVisualStudioVersion = 10.0.40219.1
Project("{FAE04EC0-301F-11D3-BF4B-00C04F79EFBC}") = "Asteroids", "Asteroids\Asteroids.csproj", "{48A109D2-DBAA-4953-A3F6-30A6FD3868A6}"
EndProject
Global
	GlobalSection(SolutionConfigurationPlatforms) = preSolution
		Debug|Any CPU = Debug|Any CPU
		Release|Any CPU = Release|Any CPU
	EndGlobalSection
	GlobalSection(ProjectConfigurationPlatforms) = postSolution
		{48A109D2-DBAA-4953-A3F6-30A6FD3868A6}.Debug|Any CPU.ActiveCfg = Debug|Any CPU
		{48A109D2-DBAA-4953-A3F6-30A6FD3868A6}.Debug|Any CPU.Build.0 = Debug|Any CPU
		{48A109D2-DBAA-4953-A3F6-30A6FD3868A6}.Release|Any CPU.ActiveCfg = Release|Any CPU
		{48A109D2-DBAA-4953-A3F6-30A6FD3868A6}.Release|Any CPU.Build.0 = Release|Any CPU
	EndGlobalSection
	GlobalSection(SolutionProperties) = preSolution
		HideSolutionNode = FALSE
	EndGlobalSection
	GlobalSection(ExtensibilityGlobals) = postSolution
		SolutionGuid = {AA71C0F6-35EA-482A-A417-26FD9A578732}
	EndGlobalSection
EndGlobal
